aiofiles==22.1.0
async==0.6.2
certifi==2022.9.24
httptools==0.5.0
influxdb-client==1.33.0
multidict==6.0.2
python-dateutil==2.8.2
PyYAML==6.0
reactivex==4.0.4
sanic==22.9.0
sanic-openapi==21.12.0
sanic-routing==22.8.0
six==1.16.0
typing_extensions==4.4.0
ujson==5.5.0
urllib3==1.26.12
uvloop==0.17.0
websockets==10.3
